
Microsoft Visual Studio Solution File, Format Version 12.00
# Visual Studio 14
VisualStudioVersion = 14.0.25420.1
MinimumVisualStudioVersion = 10.0.40219.1
Project("{FAE04EC0-301F-11D3-BF4B-00C04F79EFBC}") = "StackLayout", "StackLayout\StackLayout\StackLayout.csproj", "{0C799A19-3C25-4B90-9F64-013C251BE223}"
EndProject
Project("{FAE04EC0-301F-11D3-BF4B-00C04F79EFBC}") = "StackLayout.Droid", "StackLayout\StackLayout.Droid\StackLayout.Droid.csproj", "{176B56A1-BFBB-44D7-9BD1-BF2443C58684}"
EndProject
Project("{FAE04EC0-301F-11D3-BF4B-00C04F79EFBC}") = "StackLayout.iOS", "StackLayout\StackLayout.iOS\StackLayout.iOS.csproj", "{7C4CB311-E896-4EB3-9137-2483FF5E3E2B}"
EndProject
Project("{FAE04EC0-301F-11D3-BF4B-00C04F79EFBC}") = "StackLayout.WinPhone", "StackLayout\StackLayout.WinPhone\StackLayout.WinPhone.csproj", "{CCE1C0F7-98F5-40DC-AF66-242B8703DCAE}"
EndProject
Project("{FAE04EC0-301F-11D3-BF4B-00C04F79EFBC}") = "StackLayout.UWP", "StackLayout\StackLayout.UWP\StackLayout.UWP.csproj", "{C92EAB98-22F1-43BC-A0DC-704B3FFEF927}"
EndProject
Project("{FAE04EC0-301F-11D3-BF4B-00C04F79EFBC}") = "StackLayout.Windows", "StackLayout\StackLayout.Windows\StackLayout.Windows.csproj", "{F3D1080E-080B-4657-B962-0532E1E282FC}"
EndProject
Global
	GlobalSection(SolutionConfigurationPlatforms) = preSolution
		Ad-Hoc|Any CPU = Ad-Hoc|Any CPU
		Ad-Hoc|ARM = Ad-Hoc|ARM
		Ad-Hoc|iPhone = Ad-Hoc|iPhone
		Ad-Hoc|iPhoneSimulator = Ad-Hoc|iPhoneSimulator
		Ad-Hoc|x64 = Ad-Hoc|x64
		Ad-Hoc|x86 = Ad-Hoc|x86
		AppStore|Any CPU = AppStore|Any CPU
		AppStore|ARM = AppStore|ARM
		AppStore|iPhone = AppStore|iPhone
		AppStore|iPhoneSimulator = AppStore|iPhoneSimulator
		AppStore|x64 = AppStore|x64
		AppStore|x86 = AppStore|x86
		Debug|Any CPU = Debug|Any CPU
		Debug|ARM = Debug|ARM
		Debug|iPhone = Debug|iPhone
		Debug|iPhoneSimulator = Debug|iPhoneSimulator
		Debug|x64 = Debug|x64
		Debug|x86 = Debug|x86
		Release|Any CPU = Release|Any CPU
		Release|ARM = Release|ARM
		Release|iPhone = Release|iPhone
		Release|iPhoneSimulator = Release|iPhoneSimulator
		Release|x64 = Release|x64
		Release|x86 = Release|x86
	EndGlobalSection
	GlobalSection(ProjectConfigurationPlatforms) = postSolution
		{0C799A19-3C25-4B90-9F64-013C251BE223}.Ad-Hoc|Any CPU.ActiveCfg = Release|Any CPU
		{0C799A19-3C25-4B90-9F64-013C251BE223}.Ad-Hoc|Any CPU.Build.0 = Release|Any CPU
		{0C799A19-3C25-4B90-9F64-013C251BE223}.Ad-Hoc|ARM.ActiveCfg = Release|Any CPU
		{0C799A19-3C25-4B90-9F64-013C251BE223}.Ad-Hoc|ARM.Build.0 = Release|Any CPU
		{0C799A19-3C25-4B90-9F64-013C251BE223}.Ad-Hoc|iPhone.ActiveCfg = Release|Any CPU
		{0C799A19-3C25-4B90-9F64-013C251BE223}.Ad-Hoc|iPhone.Build.0 = Release|Any CPU
		{0C799A19-3C25-4B90-9F64-013C251BE223}.Ad-Hoc|iPhoneSimulator.ActiveCfg = Release|Any CPU
		{0C799A19-3C25-4B90-9F64-013C251BE223}.Ad-Hoc|iPhoneSimulator.Build.0 = Release|Any CPU
		{0C799A19-3C25-4B90-9F64-013C251BE223}.Ad-Hoc|x64.ActiveCfg = Release|Any CPU
		{0C799A19-3C25-4B90-9F64-013C251BE223}.Ad-Hoc|x64.Build.0 = Release|Any CPU
		{0C799A19-3C25-4B90-9F64-013C251BE223}.Ad-Hoc|x86.ActiveCfg = Release|Any CPU
		{0C799A19-3C25-4B90-9F64-013C251BE223}.Ad-Hoc|x86.Build.0 = Release|Any CPU
		{0C799A19-3C25-4B90-9F64-013C251BE223}.AppStore|Any CPU.ActiveCfg = Release|Any CPU
		{0C799A19-3C25-4B90-9F64-013C251BE223}.AppStore|Any CPU.Build.0 = Release|Any CPU
		{0C799A19-3C25-4B90-9F64-013C251BE223}.AppStore|ARM.ActiveCfg = Release|Any CPU
		{0C799A19-3C25-4B90-9F64-013C251BE223}.AppStore|ARM.Build.0 = Release|Any CPU
		{0C799A19-3C25-4B90-9F64-013C251BE223}.AppStore|iPhone.ActiveCfg = Release|Any CPU
		{0C799A19-3C25-4B90-9F64-013C251BE223}.AppStore|iPhone.Build.0 = Release|Any CPU
		{0C799A19-3C25-4B90-9F64-013C251BE223}.AppStore|iPhoneSimulator.ActiveCfg = Release|Any CPU
		{0C799A19-3C25-4B90-9F64-013C251BE223}.AppStore|iPhoneSimulator.Build.0 = Release|Any CPU
		{0C799A19-3C25-4B90-9F64-013C251BE223}.AppStore|x64.ActiveCfg = Release|Any CPU
		{0C799A19-3C25-4B90-9F64-013C251BE223}.AppStore|x64.Build.0 = Release|Any CPU
		{0C799A19-3C25-4B90-9F64-013C251BE223}.AppStore|x86.ActiveCfg = Release|Any CPU
		{0C799A19-3C25-4B90-9F64-013C251BE223}.AppStore|x86.Build.0 = Release|Any CPU
		{0C799A19-3C25-4B90-9F64-013C251BE223}.Debug|Any CPU.ActiveCfg = Debug|Any CPU
		{0C799A19-3C25-4B90-9F64-013C251BE223}.Debug|Any CPU.Build.0 = Debug|Any CPU
		{0C799A19-3C25-4B90-9F64-013C251BE223}.Debug|ARM.ActiveCfg = Debug|Any CPU
		{0C799A19-3C25-4B90-9F64-013C251BE223}.Debug|ARM.Build.0 = Debug|Any CPU
		{0C799A19-3C25-4B90-9F64-013C251BE223}.Debug|iPhone.ActiveCfg = Debug|Any CPU
		{0C799A19-3C25-4B90-9F64-013C251BE223}.Debug|iPhone.Build.0 = Debug|Any CPU
		{0C799A19-3C25-4B90-9F64-013C251BE223}.Debug|iPhoneSimulator.ActiveCfg = Debug|Any CPU
		{0C799A19-3C25-4B90-9F64-013C251BE223}.Debug|iPhoneSimulator.Build.0 = Debug|Any CPU
		{0C799A19-3C25-4B90-9F64-013C251BE223}.Debug|x64.ActiveCfg = Debug|Any CPU
		{0C799A19-3C25-4B90-9F64-013C251BE223}.Debug|x64.Build.0 = Debug|Any CPU
		{0C799A19-3C25-4B90-9F64-013C251BE223}.Debug|x86.ActiveCfg = Debug|Any CPU
		{0C799A19-3C25-4B90-9F64-013C251BE223}.Debug|x86.Build.0 = Debug|Any CPU
		{0C799A19-3C25-4B90-9F64-013C251BE223}.Release|Any CPU.ActiveCfg = Release|Any CPU
		{0C799A19-3C25-4B90-9F64-013C251BE223}.Release|Any CPU.Build.0 = Release|Any CPU
		{0C799A19-3C25-4B90-9F64-013C251BE223}.Release|ARM.ActiveCfg = Release|Any CPU
		{0C799A19-3C25-4B90-9F64-013C251BE223}.Release|ARM.Build.0 = Release|Any CPU
		{0C799A19-3C25-4B90-9F64-013C251BE223}.Release|iPhone.ActiveCfg = Release|Any CPU
		{0C799A19-3C25-4B90-9F64-013C251BE223}.Release|iPhone.Build.0 = Release|Any CPU
		{0C799A19-3C25-4B90-9F64-013C251BE223}.Release|iPhoneSimulator.ActiveCfg = Release|Any CPU
		{0C799A19-3C25-4B90-9F64-013C251BE223}.Release|iPhoneSimulator.Build.0 = Release|Any CPU
		{0C799A19-3C25-4B90-9F64-013C251BE223}.Release|x64.ActiveCfg = Release|Any CPU
		{0C799A19-3C25-4B90-9F64-013C251BE223}.Release|x64.Build.0 = Release|Any CPU
		{0C799A19-3C25-4B90-9F64-013C251BE223}.Release|x86.ActiveCfg = Release|Any CPU
		{0C799A19-3C25-4B90-9F64-013C251BE223}.Release|x86.Build.0 = Release|Any CPU
		{176B56A1-BFBB-44D7-9BD1-BF2443C58684}.Ad-Hoc|Any CPU.ActiveCfg = Release|Any CPU
		{176B56A1-BFBB-44D7-9BD1-BF2443C58684}.Ad-Hoc|Any CPU.Build.0 = Release|Any CPU
		{176B56A1-BFBB-44D7-9BD1-BF2443C58684}.Ad-Hoc|Any CPU.Deploy.0 = Release|Any CPU
		{176B56A1-BFBB-44D7-9BD1-BF2443C58684}.Ad-Hoc|ARM.ActiveCfg = Release|Any CPU
		{176B56A1-BFBB-44D7-9BD1-BF2443C58684}.Ad-Hoc|ARM.Build.0 = Release|Any CPU
		{176B56A1-BFBB-44D7-9BD1-BF2443C58684}.Ad-Hoc|ARM.Deploy.0 = Release|Any CPU
		{176B56A1-BFBB-44D7-9BD1-BF2443C58684}.Ad-Hoc|iPhone.ActiveCfg = Release|Any CPU
		{176B56A1-BFBB-44D7-9BD1-BF2443C58684}.Ad-Hoc|iPhone.Build.0 = Release|Any CPU
		{176B56A1-BFBB-44D7-9BD1-BF2443C58684}.Ad-Hoc|iPhone.Deploy.0 = Release|Any CPU
		{176B56A1-BFBB-44D7-9BD1-BF2443C58684}.Ad-Hoc|iPhoneSimulator.ActiveCfg = Release|Any CPU
		{176B56A1-BFBB-44D7-9BD1-BF2443C58684}.Ad-Hoc|iPhoneSimulator.Build.0 = Release|Any CPU
		{176B56A1-BFBB-44D7-9BD1-BF2443C58684}.Ad-Hoc|iPhoneSimulator.Deploy.0 = Release|Any CPU
		{176B56A1-BFBB-44D7-9BD1-BF2443C58684}.Ad-Hoc|x64.ActiveCfg = Release|Any CPU
		{176B56A1-BFBB-44D7-9BD1-BF2443C58684}.Ad-Hoc|x64.Build.0 = Release|Any CPU
		{176B56A1-BFBB-44D7-9BD1-BF2443C58684}.Ad-Hoc|x64.Deploy.0 = Release|Any CPU
		{176B56A1-BFBB-44D7-9BD1-BF2443C58684}.Ad-Hoc|x86.ActiveCfg = Release|Any CPU
		{176B56A1-BFBB-44D7-9BD1-BF2443C58684}.Ad-Hoc|x86.Build.0 = Release|Any CPU
		{176B56A1-BFBB-44D7-9BD1-BF2443C58684}.Ad-Hoc|x86.Deploy.0 = Release|Any CPU
		{176B56A1-BFBB-44D7-9BD1-BF2443C58684}.AppStore|Any CPU.ActiveCfg = Release|Any CPU
		{176B56A1-BFBB-44D7-9BD1-BF2443C58684}.AppStore|Any CPU.Build.0 = Release|Any CPU
		{176B56A1-BFBB-44D7-9BD1-BF2443C58684}.AppStore|Any CPU.Deploy.0 = Release|Any CPU
		{176B56A1-BFBB-44D7-9BD1-BF2443C58684}.AppStore|ARM.ActiveCfg = Release|Any CPU
		{176B56A1-BFBB-44D7-9BD1-BF2443C58684}.AppStore|ARM.Build.0 = Release|Any CPU
		{176B56A1-BFBB-44D7-9BD1-BF2443C58684}.AppStore|ARM.Deploy.0 = Release|Any CPU
		{176B56A1-BFBB-44D7-9BD1-BF2443C58684}.AppStore|iPhone.ActiveCfg = Release|Any CPU
		{176B56A1-BFBB-44D7-9BD1-BF2443C58684}.AppStore|iPhone.Build.0 = Release|Any CPU
		{176B56A1-BFBB-44D7-9BD1-BF2443C58684}.AppStore|iPhone.Deploy.0 = Release|Any CPU
		{176B56A1-BFBB-44D7-9BD1-BF2443C58684}.AppStore|iPhoneSimulator.ActiveCfg = Release|Any CPU
		{176B56A1-BFBB-44D7-9BD1-BF2443C58684}.AppStore|iPhoneSimulator.Build.0 = Release|Any CPU
		{176B56A1-BFBB-44D7-9BD1-BF2443C58684}.AppStore|iPhoneSimulator.Deploy.0 = Release|Any CPU
		{176B56A1-BFBB-44D7-9BD1-BF2443C58684}.AppStore|x64.ActiveCfg = Release|Any CPU
		{176B56A1-BFBB-44D7-9BD1-BF2443C58684}.AppStore|x64.Build.0 = Release|Any CPU
		{176B56A1-BFBB-44D7-9BD1-BF2443C58684}.AppStore|x64.Deploy.0 = Release|Any CPU
		{176B56A1-BFBB-44D7-9BD1-BF2443C58684}.AppStore|x86.ActiveCfg = Release|Any CPU
		{176B56A1-BFBB-44D7-9BD1-BF2443C58684}.AppStore|x86.Build.0 = Release|Any CPU
		{176B56A1-BFBB-44D7-9BD1-BF2443C58684}.AppStore|x86.Deploy.0 = Release|Any CPU
		{176B56A1-BFBB-44D7-9BD1-BF2443C58684}.Debug|Any CPU.ActiveCfg = Debug|Any CPU
		{176B56A1-BFBB-44D7-9BD1-BF2443C58684}.Debug|Any CPU.Build.0 = Debug|Any CPU
		{176B56A1-BFBB-44D7-9BD1-BF2443C58684}.Debug|Any CPU.Deploy.0 = Debug|Any CPU
		{176B56A1-BFBB-44D7-9BD1-BF2443C58684}.Debug|ARM.ActiveCfg = Debug|Any CPU
		{176B56A1-BFBB-44D7-9BD1-BF2443C58684}.Debug|ARM.Build.0 = Debug|Any CPU
		{176B56A1-BFBB-44D7-9BD1-BF2443C58684}.Debug|ARM.Deploy.0 = Debug|Any CPU
		{176B56A1-BFBB-44D7-9BD1-BF2443C58684}.Debug|iPhone.ActiveCfg = Debug|Any CPU
		{176B56A1-BFBB-44D7-9BD1-BF2443C58684}.Debug|iPhone.Build.0 = Debug|Any CPU
		{176B56A1-BFBB-44D7-9BD1-BF2443C58684}.Debug|iPhone.Deploy.0 = Debug|Any CPU
		{176B56A1-BFBB-44D7-9BD1-BF2443C58684}.Debug|iPhoneSimulator.ActiveCfg = Debug|Any CPU
		{176B56A1-BFBB-44D7-9BD1-BF2443C58684}.Debug|iPhoneSimulator.Build.0 = Debug|Any CPU
		{176B56A1-BFBB-44D7-9BD1-BF2443C58684}.Debug|iPhoneSimulator.Deploy.0 = Debug|Any CPU
		{176B56A1-BFBB-44D7-9BD1-BF2443C58684}.Debug|x64.ActiveCfg = Debug|Any CPU
		{176B56A1-BFBB-44D7-9BD1-BF2443C58684}.Debug|x64.Build.0 = Debug|Any CPU
		{176B56A1-BFBB-44D7-9BD1-BF2443C58684}.Debug|x64.Deploy.0 = Debug|Any CPU
		{176B56A1-BFBB-44D7-9BD1-BF2443C58684}.Debug|x86.ActiveCfg = Debug|Any CPU
		{176B56A1-BFBB-44D7-9BD1-BF2443C58684}.Debug|x86.Build.0 = Debug|Any CPU
		{176B56A1-BFBB-44D7-9BD1-BF2443C58684}.Debug|x86.Deploy.0 = Debug|Any CPU
		{176B56A1-BFBB-44D7-9BD1-BF2443C58684}.Release|Any CPU.ActiveCfg = Release|Any CPU
		{176B56A1-BFBB-44D7-9BD1-BF2443C58684}.Release|Any CPU.Build.0 = Release|Any CPU
		{176B56A1-BFBB-44D7-9BD1-BF2443C58684}.Release|Any CPU.Deploy.0 = Release|Any CPU
		{176B56A1-BFBB-44D7-9BD1-BF2443C58684}.Release|ARM.ActiveCfg = Release|Any CPU
		{176B56A1-BFBB-44D7-9BD1-BF2443C58684}.Release|ARM.Build.0 = Release|Any CPU
		{176B56A1-BFBB-44D7-9BD1-BF2443C58684}.Release|ARM.Deploy.0 = Release|Any CPU
		{176B56A1-BFBB-44D7-9BD1-BF2443C58684}.Release|iPhone.ActiveCfg = Release|Any CPU
		{176B56A1-BFBB-44D7-9BD1-BF2443C58684}.Release|iPhone.Build.0 = Release|Any CPU
		{176B56A1-BFBB-44D7-9BD1-BF2443C58684}.Release|iPhone.Deploy.0 = Release|Any CPU
		{176B56A1-BFBB-44D7-9BD1-BF2443C58684}.Release|iPhoneSimulator.ActiveCfg = Release|Any CPU
		{176B56A1-BFBB-44D7-9BD1-BF2443C58684}.Release|iPhoneSimulator.Build.0 = Release|Any CPU
		{176B56A1-BFBB-44D7-9BD1-BF2443C58684}.Release|iPhoneSimulator.Deploy.0 = Release|Any CPU
		{176B56A1-BFBB-44D7-9BD1-BF2443C58684}.Release|x64.ActiveCfg = Release|Any CPU
		{176B56A1-BFBB-44D7-9BD1-BF2443C58684}.Release|x64.Build.0 = Release|Any CPU
		{176B56A1-BFBB-44D7-9BD1-BF2443C58684}.Release|x64.Deploy.0 = Release|Any CPU
		{176B56A1-BFBB-44D7-9BD1-BF2443C58684}.Release|x86.ActiveCfg = Release|Any CPU
		{176B56A1-BFBB-44D7-9BD1-BF2443C58684}.Release|x86.Build.0 = Release|Any CPU
		{176B56A1-BFBB-44D7-9BD1-BF2443C58684}.Release|x86.Deploy.0 = Release|Any CPU
		{7C4CB311-E896-4EB3-9137-2483FF5E3E2B}.Ad-Hoc|Any CPU.ActiveCfg = Ad-Hoc|iPhone
		{7C4CB311-E896-4EB3-9137-2483FF5E3E2B}.Ad-Hoc|ARM.ActiveCfg = Ad-Hoc|iPhone
		{7C4CB311-E896-4EB3-9137-2483FF5E3E2B}.Ad-Hoc|iPhone.ActiveCfg = Ad-Hoc|iPhone
		{7C4CB311-E896-4EB3-9137-2483FF5E3E2B}.Ad-Hoc|iPhone.Build.0 = Ad-Hoc|iPhone
		{7C4CB311-E896-4EB3-9137-2483FF5E3E2B}.Ad-Hoc|iPhoneSimulator.ActiveCfg = Ad-Hoc|iPhoneSimulator
		{7C4CB311-E896-4EB3-9137-2483FF5E3E2B}.Ad-Hoc|iPhoneSimulator.Build.0 = Ad-Hoc|iPhoneSimulator
		{7C4CB311-E896-4EB3-9137-2483FF5E3E2B}.Ad-Hoc|x64.ActiveCfg = Ad-Hoc|iPhone
		{7C4CB311-E896-4EB3-9137-2483FF5E3E2B}.Ad-Hoc|x86.ActiveCfg = Ad-Hoc|iPhone
		{7C4CB311-E896-4EB3-9137-2483FF5E3E2B}.AppStore|Any CPU.ActiveCfg = AppStore|iPhone
		{7C4CB311-E896-4EB3-9137-2483FF5E3E2B}.AppStore|ARM.ActiveCfg = AppStore|iPhone
		{7C4CB311-E896-4EB3-9137-2483FF5E3E2B}.AppStore|iPhone.ActiveCfg = AppStore|iPhone
		{7C4CB311-E896-4EB3-9137-2483FF5E3E2B}.AppStore|iPhone.Build.0 = AppStore|iPhone
		{7C4CB311-E896-4EB3-9137-2483FF5E3E2B}.AppStore|iPhoneSimulator.ActiveCfg = AppStore|iPhoneSimulator
		{7C4CB311-E896-4EB3-9137-2483FF5E3E2B}.AppStore|iPhoneSimulator.Build.0 = AppStore|iPhoneSimulator
		{7C4CB311-E896-4EB3-9137-2483FF5E3E2B}.AppStore|x64.ActiveCfg = AppStore|iPhone
		{7C4CB311-E896-4EB3-9137-2483FF5E3E2B}.AppStore|x86.ActiveCfg = AppStore|iPhone
		{7C4CB311-E896-4EB3-9137-2483FF5E3E2B}.Debug|Any CPU.ActiveCfg = Debug|iPhone
		{7C4CB311-E896-4EB3-9137-2483FF5E3E2B}.Debug|ARM.ActiveCfg = Debug|iPhone
		{7C4CB311-E896-4EB3-9137-2483FF5E3E2B}.Debug|iPhone.ActiveCfg = Debug|iPhone
		{7C4CB311-E896-4EB3-9137-2483FF5E3E2B}.Debug|iPhone.Build.0 = Debug|iPhone
		{7C4CB311-E896-4EB3-9137-2483FF5E3E2B}.Debug|iPhoneSimulator.ActiveCfg = Debug|iPhoneSimulator
		{7C4CB311-E896-4EB3-9137-2483FF5E3E2B}.Debug|iPhoneSimulator.Build.0 = Debug|iPhoneSimulator
		{7C4CB311-E896-4EB3-9137-2483FF5E3E2B}.Debug|x64.ActiveCfg = Debug|iPhone
		{7C4CB311-E896-4EB3-9137-2483FF5E3E2B}.Debug|x86.ActiveCfg = Debug|iPhone
		{7C4CB311-E896-4EB3-9137-2483FF5E3E2B}.Release|Any CPU.ActiveCfg = Release|iPhone
		{7C4CB311-E896-4EB3-9137-2483FF5E3E2B}.Release|ARM.ActiveCfg = Release|iPhone
		{7C4CB311-E896-4EB3-9137-2483FF5E3E2B}.Release|iPhone.ActiveCfg = Release|iPhone
		{7C4CB311-E896-4EB3-9137-2483FF5E3E2B}.Release|iPhone.Build.0 = Release|iPhone
		{7C4CB311-E896-4EB3-9137-2483FF5E3E2B}.Release|iPhoneSimulator.ActiveCfg = Release|iPhoneSimulator
		{7C4CB311-E896-4EB3-9137-2483FF5E3E2B}.Release|iPhoneSimulator.Build.0 = Release|iPhoneSimulator
		{7C4CB311-E896-4EB3-9137-2483FF5E3E2B}.Release|x64.ActiveCfg = Release|iPhone
		{7C4CB311-E896-4EB3-9137-2483FF5E3E2B}.Release|x86.ActiveCfg = Release|iPhone
		{CCE1C0F7-98F5-40DC-AF66-242B8703DCAE}.Ad-Hoc|Any CPU.ActiveCfg = Release|Any CPU
		{CCE1C0F7-98F5-40DC-AF66-242B8703DCAE}.Ad-Hoc|Any CPU.Build.0 = Release|Any CPU
		{CCE1C0F7-98F5-40DC-AF66-242B8703DCAE}.Ad-Hoc|Any CPU.Deploy.0 = Release|Any CPU
		{CCE1C0F7-98F5-40DC-AF66-242B8703DCAE}.Ad-Hoc|ARM.ActiveCfg = Release|ARM
		{CCE1C0F7-98F5-40DC-AF66-242B8703DCAE}.Ad-Hoc|ARM.Build.0 = Release|ARM
		{CCE1C0F7-98F5-40DC-AF66-242B8703DCAE}.Ad-Hoc|ARM.Deploy.0 = Release|ARM
		{CCE1C0F7-98F5-40DC-AF66-242B8703DCAE}.Ad-Hoc|iPhone.ActiveCfg = Release|Any CPU
		{CCE1C0F7-98F5-40DC-AF66-242B8703DCAE}.Ad-Hoc|iPhone.Build.0 = Release|Any CPU
		{CCE1C0F7-98F5-40DC-AF66-242B8703DCAE}.Ad-Hoc|iPhone.Deploy.0 = Release|Any CPU
		{CCE1C0F7-98F5-40DC-AF66-242B8703DCAE}.Ad-Hoc|iPhoneSimulator.ActiveCfg = Release|Any CPU
		{CCE1C0F7-98F5-40DC-AF66-242B8703DCAE}.Ad-Hoc|iPhoneSimulator.Build.0 = Release|Any CPU
		{CCE1C0F7-98F5-40DC-AF66-242B8703DCAE}.Ad-Hoc|iPhoneSimulator.Deploy.0 = Release|Any CPU
		{CCE1C0F7-98F5-40DC-AF66-242B8703DCAE}.Ad-Hoc|x64.ActiveCfg = Release|Any CPU
		{CCE1C0F7-98F5-40DC-AF66-242B8703DCAE}.Ad-Hoc|x64.Build.0 = Release|Any CPU
		{CCE1C0F7-98F5-40DC-AF66-242B8703DCAE}.Ad-Hoc|x64.Deploy.0 = Release|Any CPU
		{CCE1C0F7-98F5-40DC-AF66-242B8703DCAE}.Ad-Hoc|x86.ActiveCfg = Release|x86
		{CCE1C0F7-98F5-40DC-AF66-242B8703DCAE}.Ad-Hoc|x86.Build.0 = Release|x86
		{CCE1C0F7-98F5-40DC-AF66-242B8703DCAE}.Ad-Hoc|x86.Deploy.0 = Release|x86
		{CCE1C0F7-98F5-40DC-AF66-242B8703DCAE}.AppStore|Any CPU.ActiveCfg = Release|Any CPU
		{CCE1C0F7-98F5-40DC-AF66-242B8703DCAE}.AppStore|Any CPU.Build.0 = Release|Any CPU
		{CCE1C0F7-98F5-40DC-AF66-242B8703DCAE}.AppStore|Any CPU.Deploy.0 = Release|Any CPU
		{CCE1C0F7-98F5-40DC-AF66-242B8703DCAE}.AppStore|ARM.ActiveCfg = Release|ARM
		{CCE1C0F7-98F5-40DC-AF66-242B8703DCAE}.AppStore|ARM.Build.0 = Release|ARM
		{CCE1C0F7-98F5-40DC-AF66-242B8703DCAE}.AppStore|ARM.Deploy.0 = Release|ARM
		{CCE1C0F7-98F5-40DC-AF66-242B8703DCAE}.AppStore|iPhone.ActiveCfg = Release|Any CPU
		{CCE1C0F7-98F5-40DC-AF66-242B8703DCAE}.AppStore|iPhone.Build.0 = Release|Any CPU
		{CCE1C0F7-98F5-40DC-AF66-242B8703DCAE}.AppStore|iPhone.Deploy.0 = Release|Any CPU
		{CCE1C0F7-98F5-40DC-AF66-242B8703DCAE}.AppStore|iPhoneSimulator.ActiveCfg = Release|Any CPU
		{CCE1C0F7-98F5-40DC-AF66-242B8703DCAE}.AppStore|iPhoneSimulator.Build.0 = Release|Any CPU
		{CCE1C0F7-98F5-40DC-AF66-242B8703DCAE}.AppStore|iPhoneSimulator.Deploy.0 = Release|Any CPU
		{CCE1C0F7-98F5-40DC-AF66-242B8703DCAE}.AppStore|x64.ActiveCfg = Release|Any CPU
		{CCE1C0F7-98F5-40DC-AF66-242B8703DCAE}.AppStore|x64.Build.0 = Release|Any CPU
		{CCE1C0F7-98F5-40DC-AF66-242B8703DCAE}.AppStore|x64.Deploy.0 = Release|Any CPU
		{CCE1C0F7-98F5-40DC-AF66-242B8703DCAE}.AppStore|x86.ActiveCfg = Release|x86
		{CCE1C0F7-98F5-40DC-AF66-242B8703DCAE}.AppStore|x86.Build.0 = Release|x86
		{CCE1C0F7-98F5-40DC-AF66-242B8703DCAE}.AppStore|x86.Deploy.0 = Release|x86
		{CCE1C0F7-98F5-40DC-AF66-242B8703DCAE}.Debug|Any CPU.ActiveCfg = Debug|Any CPU
		{CCE1C0F7-98F5-40DC-AF66-242B8703DCAE}.Debug|Any CPU.Build.0 = Debug|Any CPU
		{CCE1C0F7-98F5-40DC-AF66-242B8703DCAE}.Debug|Any CPU.Deploy.0 = Debug|Any CPU
		{CCE1C0F7-98F5-40DC-AF66-242B8703DCAE}.Debug|ARM.ActiveCfg = Debug|ARM
		{CCE1C0F7-98F5-40DC-AF66-242B8703DCAE}.Debug|ARM.Build.0 = Debug|ARM
		{CCE1C0F7-98F5-40DC-AF66-242B8703DCAE}.Debug|ARM.Deploy.0 = Debug|ARM
		{CCE1C0F7-98F5-40DC-AF66-242B8703DCAE}.Debug|iPhone.ActiveCfg = Debug|Any CPU
		{CCE1C0F7-98F5-40DC-AF66-242B8703DCAE}.Debug|iPhone.Build.0 = Debug|Any CPU
		{CCE1C0F7-98F5-40DC-AF66-242B8703DCAE}.Debug|iPhone.Deploy.0 = Debug|Any CPU
		{CCE1C0F7-98F5-40DC-AF66-242B8703DCAE}.Debug|iPhoneSimulator.ActiveCfg = Debug|Any CPU
		{CCE1C0F7-98F5-40DC-AF66-242B8703DCAE}.Debug|iPhoneSimulator.Build.0 = Debug|Any CPU
		{CCE1C0F7-98F5-40DC-AF66-242B8703DCAE}.Debug|iPhoneSimulator.Deploy.0 = Debug|Any CPU
		{CCE1C0F7-98F5-40DC-AF66-242B8703DCAE}.Debug|x64.ActiveCfg = Debug|Any CPU
		{CCE1C0F7-98F5-40DC-AF66-242B8703DCAE}.Debug|x64.Build.0 = Debug|Any CPU
		{CCE1C0F7-98F5-40DC-AF66-242B8703DCAE}.Debug|x64.Deploy.0 = Debug|Any CPU
		{CCE1C0F7-98F5-40DC-AF66-242B8703DCAE}.Debug|x86.ActiveCfg = Debug|x86
		{CCE1C0F7-98F5-40DC-AF66-242B8703DCAE}.Debug|x86.Build.0 = Debug|x86
		{CCE1C0F7-98F5-40DC-AF66-242B8703DCAE}.Debug|x86.Deploy.0 = Debug|x86
		{CCE1C0F7-98F5-40DC-AF66-242B8703DCAE}.Release|Any CPU.ActiveCfg = Release|Any CPU
		{CCE1C0F7-98F5-40DC-AF66-242B8703DCAE}.Release|Any CPU.Build.0 = Release|Any CPU
		{CCE1C0F7-98F5-40DC-AF66-242B8703DCAE}.Release|Any CPU.Deploy.0 = Release|Any CPU
		{CCE1C0F7-98F5-40DC-AF66-242B8703DCAE}.Release|ARM.ActiveCfg = Release|ARM
		{CCE1C0F7-98F5-40DC-AF66-242B8703DCAE}.Release|ARM.Build.0 = Release|ARM
		{CCE1C0F7-98F5-40DC-AF66-242B8703DCAE}.Release|ARM.Deploy.0 = Release|ARM
		{CCE1C0F7-98F5-40DC-AF66-242B8703DCAE}.Release|iPhone.ActiveCfg = Release|Any CPU
		{CCE1C0F7-98F5-40DC-AF66-242B8703DCAE}.Release|iPhone.Build.0 = Release|Any CPU
		{CCE1C0F7-98F5-40DC-AF66-242B8703DCAE}.Release|iPhone.Deploy.0 = Release|Any CPU
		{CCE1C0F7-98F5-40DC-AF66-242B8703DCAE}.Release|iPhoneSimulator.ActiveCfg = Release|Any CPU
		{CCE1C0F7-98F5-40DC-AF66-242B8703DCAE}.Release|iPhoneSimulator.Build.0 = Release|Any CPU
		{CCE1C0F7-98F5-40DC-AF66-242B8703DCAE}.Release|iPhoneSimulator.Deploy.0 = Release|Any CPU
		{CCE1C0F7-98F5-40DC-AF66-242B8703DCAE}.Release|x64.ActiveCfg = Release|Any CPU
		{CCE1C0F7-98F5-40DC-AF66-242B8703DCAE}.Release|x64.Build.0 = Release|Any CPU
		{CCE1C0F7-98F5-40DC-AF66-242B8703DCAE}.Release|x64.Deploy.0 = Release|Any CPU
		{CCE1C0F7-98F5-40DC-AF66-242B8703DCAE}.Release|x86.ActiveCfg = Release|x86
		{CCE1C0F7-98F5-40DC-AF66-242B8703DCAE}.Release|x86.Build.0 = Release|x86
		{CCE1C0F7-98F5-40DC-AF66-242B8703DCAE}.Release|x86.Deploy.0 = Release|x86
		{C92EAB98-22F1-43BC-A0DC-704B3FFEF927}.Ad-Hoc|Any CPU.ActiveCfg = Release|x86
		{C92EAB98-22F1-43BC-A0DC-704B3FFEF927}.Ad-Hoc|Any CPU.Build.0 = Release|x86
		{C92EAB98-22F1-43BC-A0DC-704B3FFEF927}.Ad-Hoc|Any CPU.Deploy.0 = Release|x86
		{C92EAB98-22F1-43BC-A0DC-704B3FFEF927}.Ad-Hoc|ARM.ActiveCfg = Release|ARM
		{C92EAB98-22F1-43BC-A0DC-704B3FFEF927}.Ad-Hoc|ARM.Build.0 = Release|ARM
		{C92EAB98-22F1-43BC-A0DC-704B3FFEF927}.Ad-Hoc|ARM.Deploy.0 = Release|ARM
		{C92EAB98-22F1-43BC-A0DC-704B3FFEF927}.Ad-Hoc|iPhone.ActiveCfg = Release|x86
		{C92EAB98-22F1-43BC-A0DC-704B3FFEF927}.Ad-Hoc|iPhone.Build.0 = Release|x86
		{C92EAB98-22F1-43BC-A0DC-704B3FFEF927}.Ad-Hoc|iPhone.Deploy.0 = Release|x86
		{C92EAB98-22F1-43BC-A0DC-704B3FFEF927}.Ad-Hoc|iPhoneSimulator.ActiveCfg = Release|x86
		{C92EAB98-22F1-43BC-A0DC-704B3FFEF927}.Ad-Hoc|iPhoneSimulator.Build.0 = Release|x86
		{C92EAB98-22F1-43BC-A0DC-704B3FFEF927}.Ad-Hoc|iPhoneSimulator.Deploy.0 = Release|x86
		{C92EAB98-22F1-43BC-A0DC-704B3FFEF927}.Ad-Hoc|x64.ActiveCfg = Release|x64
		{C92EAB98-22F1-43BC-A0DC-704B3FFEF927}.Ad-Hoc|x64.Build.0 = Release|x64
		{C92EAB98-22F1-43BC-A0DC-704B3FFEF927}.Ad-Hoc|x64.Deploy.0 = Release|x64
		{C92EAB98-22F1-43BC-A0DC-704B3FFEF927}.Ad-Hoc|x86.ActiveCfg = Release|x86
		{C92EAB98-22F1-43BC-A0DC-704B3FFEF927}.Ad-Hoc|x86.Build.0 = Release|x86
		{C92EAB98-22F1-43BC-A0DC-704B3FFEF927}.Ad-Hoc|x86.Deploy.0 = Release|x86
		{C92EAB98-22F1-43BC-A0DC-704B3FFEF927}.AppStore|Any CPU.ActiveCfg = Release|x86
		{C92EAB98-22F1-43BC-A0DC-704B3FFEF927}.AppStore|Any CPU.Build.0 = Release|x86
		{C92EAB98-22F1-43BC-A0DC-704B3FFEF927}.AppStore|Any CPU.Deploy.0 = Release|x86
		{C92EAB98-22F1-43BC-A0DC-704B3FFEF927}.AppStore|ARM.ActiveCfg = Release|ARM
		{C92EAB98-22F1-43BC-A0DC-704B3FFEF927}.AppStore|ARM.Build.0 = Release|ARM
		{C92EAB98-22F1-43BC-A0DC-704B3FFEF927}.AppStore|ARM.Deploy.0 = Release|ARM
		{C92EAB98-22F1-43BC-A0DC-704B3FFEF927}.AppStore|iPhone.ActiveCfg = Release|x86
		{C92EAB98-22F1-43BC-A0DC-704B3FFEF927}.AppStore|iPhone.Build.0 = Release|x86
		{C92EAB98-22F1-43BC-A0DC-704B3FFEF927}.AppStore|iPhone.Deploy.0 = Release|x86
		{C92EAB98-22F1-43BC-A0DC-704B3FFEF927}.AppStore|iPhoneSimulator.ActiveCfg = Release|x86
		{C92EAB98-22F1-43BC-A0DC-704B3FFEF927}.AppStore|iPhoneSimulator.Build.0 = Release|x86
		{C92EAB98-22F1-43BC-A0DC-704B3FFEF927}.AppStore|iPhoneSimulator.Deploy.0 = Release|x86
		{C92EAB98-22F1-43BC-A0DC-704B3FFEF927}.AppStore|x64.ActiveCfg = Release|x64
		{C92EAB98-22F1-43BC-A0DC-704B3FFEF927}.AppStore|x64.Build.0 = Release|x64
		{C92EAB98-22F1-43BC-A0DC-704B3FFEF927}.AppStore|x64.Deploy.0 = Release|x64
		{C92EAB98-22F1-43BC-A0DC-704B3FFEF927}.AppStore|x86.ActiveCfg = Release|x86
		{C92EAB98-22F1-43BC-A0DC-704B3FFEF927}.AppStore|x86.Build.0 = Release|x86
		{C92EAB98-22F1-43BC-A0DC-704B3FFEF927}.AppStore|x86.Deploy.0 = Release|x86
		{C92EAB98-22F1-43BC-A0DC-704B3FFEF927}.Debug|Any CPU.ActiveCfg = Debug|x86
		{C92EAB98-22F1-43BC-A0DC-704B3FFEF927}.Debug|ARM.ActiveCfg = Debug|ARM
		{C92EAB98-22F1-43BC-A0DC-704B3FFEF927}.Debug|ARM.Build.0 = Debug|ARM
		{C92EAB98-22F1-43BC-A0DC-704B3FFEF927}.Debug|ARM.Deploy.0 = Debug|ARM
		{C92EAB98-22F1-43BC-A0DC-704B3FFEF927}.Debug|iPhone.ActiveCfg = Debug|x86
		{C92EAB98-22F1-43BC-A0DC-704B3FFEF927}.Debug|iPhoneSimulator.ActiveCfg = Debug|x86
		{C92EAB98-22F1-43BC-A0DC-704B3FFEF927}.Debug|x64.ActiveCfg = Debug|x64
		{C92EAB98-22F1-43BC-A0DC-704B3FFEF927}.Debug|x64.Build.0 = Debug|x64
		{C92EAB98-22F1-43BC-A0DC-704B3FFEF927}.Debug|x64.Deploy.0 = Debug|x64
		{C92EAB98-22F1-43BC-A0DC-704B3FFEF927}.Debug|x86.ActiveCfg = Debug|x86
		{C92EAB98-22F1-43BC-A0DC-704B3FFEF927}.Debug|x86.Build.0 = Debug|x86
		{C92EAB98-22F1-43BC-A0DC-704B3FFEF927}.Debug|x86.Deploy.0 = Debug|x86
		{C92EAB98-22F1-43BC-A0DC-704B3FFEF927}.Release|Any CPU.ActiveCfg = Release|x86
		{C92EAB98-22F1-43BC-A0DC-704B3FFEF927}.Release|ARM.ActiveCfg = Release|ARM
		{C92EAB98-22F1-43BC-A0DC-704B3FFEF927}.Release|ARM.Build.0 = Release|ARM
		{C92EAB98-22F1-43BC-A0DC-704B3FFEF927}.Release|ARM.Deploy.0 = Release|ARM
		{C92EAB98-22F1-43BC-A0DC-704B3FFEF927}.Release|iPhone.ActiveCfg = Release|x86
		{C92EAB98-22F1-43BC-A0DC-704B3FFEF927}.Release|iPhoneSimulator.ActiveCfg = Release|x86
		{C92EAB98-22F1-43BC-A0DC-704B3FFEF927}.Release|x64.ActiveCfg = Release|x64
		{C92EAB98-22F1-43BC-A0DC-704B3FFEF927}.Release|x64.Build.0 = Release|x64
		{C92EAB98-22F1-43BC-A0DC-704B3FFEF927}.Release|x64.Deploy.0 = Release|x64
		{C92EAB98-22F1-43BC-A0DC-704B3FFEF927}.Release|x86.ActiveCfg = Release|x86
		{C92EAB98-22F1-43BC-A0DC-704B3FFEF927}.Release|x86.Build.0 = Release|x86
		{C92EAB98-22F1-43BC-A0DC-704B3FFEF927}.Release|x86.Deploy.0 = Release|x86
		{F3D1080E-080B-4657-B962-0532E1E282FC}.Ad-Hoc|Any CPU.ActiveCfg = Release|Any CPU
		{F3D1080E-080B-4657-B962-0532E1E282FC}.Ad-Hoc|Any CPU.Build.0 = Release|Any CPU
		{F3D1080E-080B-4657-B962-0532E1E282FC}.Ad-Hoc|Any CPU.Deploy.0 = Release|Any CPU
		{F3D1080E-080B-4657-B962-0532E1E282FC}.Ad-Hoc|ARM.ActiveCfg = Release|ARM
		{F3D1080E-080B-4657-B962-0532E1E282FC}.Ad-Hoc|ARM.Build.0 = Release|ARM
		{F3D1080E-080B-4657-B962-0532E1E282FC}.Ad-Hoc|ARM.Deploy.0 = Release|ARM
		{F3D1080E-080B-4657-B962-0532E1E282FC}.Ad-Hoc|iPhone.ActiveCfg = Release|Any CPU
		{F3D1080E-080B-4657-B962-0532E1E282FC}.Ad-Hoc|iPhone.Build.0 = Release|Any CPU
		{F3D1080E-080B-4657-B962-0532E1E282FC}.Ad-Hoc|iPhone.Deploy.0 = Release|Any CPU
		{F3D1080E-080B-4657-B962-0532E1E282FC}.Ad-Hoc|iPhoneSimulator.ActiveCfg = Release|Any CPU
		{F3D1080E-080B-4657-B962-0532E1E282FC}.Ad-Hoc|iPhoneSimulator.Build.0 = Release|Any CPU
		{F3D1080E-080B-4657-B962-0532E1E282FC}.Ad-Hoc|iPhoneSimulator.Deploy.0 = Release|Any CPU
		{F3D1080E-080B-4657-B962-0532E1E282FC}.Ad-Hoc|x64.ActiveCfg = Release|x64
		{F3D1080E-080B-4657-B962-0532E1E282FC}.Ad-Hoc|x64.Build.0 = Release|x64
		{F3D1080E-080B-4657-B962-0532E1E282FC}.Ad-Hoc|x64.Deploy.0 = Release|x64
		{F3D1080E-080B-4657-B962-0532E1E282FC}.Ad-Hoc|x86.ActiveCfg = Release|x86
		{F3D1080E-080B-4657-B962-0532E1E282FC}.Ad-Hoc|x86.Build.0 = Release|x86
		{F3D1080E-080B-4657-B962-0532E1E282FC}.Ad-Hoc|x86.Deploy.0 = Release|x86
		{F3D1080E-080B-4657-B962-0532E1E282FC}.AppStore|Any CPU.ActiveCfg = Release|Any CPU
		{F3D1080E-080B-4657-B962-0532E1E282FC}.AppStore|Any CPU.Build.0 = Release|Any CPU
		{F3D1080E-080B-4657-B962-0532E1E282FC}.AppStore|Any CPU.Deploy.0 = Release|Any CPU
		{F3D1080E-080B-4657-B962-0532E1E282FC}.AppStore|ARM.ActiveCfg = Release|ARM
		{F3D1080E-080B-4657-B962-0532E1E282FC}.AppStore|ARM.Build.0 = Release|ARM
		{F3D1080E-080B-4657-B962-0532E1E282FC}.AppStore|ARM.Deploy.0 = Release|ARM
		{F3D1080E-080B-4657-B962-0532E1E282FC}.AppStore|iPhone.ActiveCfg = Release|Any CPU
		{F3D1080E-080B-4657-B962-0532E1E282FC}.AppStore|iPhone.Build.0 = Release|Any CPU
		{F3D1080E-080B-4657-B962-0532E1E282FC}.AppStore|iPhone.Deploy.0 = Release|Any CPU
		{F3D1080E-080B-4657-B962-0532E1E282FC}.AppStore|iPhoneSimulator.ActiveCfg = Release|Any CPU
		{F3D1080E-080B-4657-B962-0532E1E282FC}.AppStore|iPhoneSimulator.Build.0 = Release|Any CPU
		{F3D1080E-080B-4657-B962-0532E1E282FC}.AppStore|iPhoneSimulator.Deploy.0 = Release|Any CPU
		{F3D1080E-080B-4657-B962-0532E1E282FC}.AppStore|x64.ActiveCfg = Release|x64
		{F3D1080E-080B-4657-B962-0532E1E282FC}.AppStore|x64.Build.0 = Release|x64
		{F3D1080E-080B-4657-B962-0532E1E282FC}.AppStore|x64.Deploy.0 = Release|x64
		{F3D1080E-080B-4657-B962-0532E1E282FC}.AppStore|x86.ActiveCfg = Release|x86
		{F3D1080E-080B-4657-B962-0532E1E282FC}.AppStore|x86.Build.0 = Release|x86
		{F3D1080E-080B-4657-B962-0532E1E282FC}.AppStore|x86.Deploy.0 = Release|x86
		{F3D1080E-080B-4657-B962-0532E1E282FC}.Debug|Any CPU.ActiveCfg = Debug|Any CPU
		{F3D1080E-080B-4657-B962-0532E1E282FC}.Debug|Any CPU.Build.0 = Debug|Any CPU
		{F3D1080E-080B-4657-B962-0532E1E282FC}.Debug|Any CPU.Deploy.0 = Debug|Any CPU
		{F3D1080E-080B-4657-B962-0532E1E282FC}.Debug|ARM.ActiveCfg = Debug|ARM
		{F3D1080E-080B-4657-B962-0532E1E282FC}.Debug|ARM.Build.0 = Debug|ARM
		{F3D1080E-080B-4657-B962-0532E1E282FC}.Debug|ARM.Deploy.0 = Debug|ARM
		{F3D1080E-080B-4657-B962-0532E1E282FC}.Debug|iPhone.ActiveCfg = Debug|Any CPU
		{F3D1080E-080B-4657-B962-0532E1E282FC}.Debug|iPhone.Build.0 = Debug|Any CPU
		{F3D1080E-080B-4657-B962-0532E1E282FC}.Debug|iPhone.Deploy.0 = Debug|Any CPU
		{F3D1080E-080B-4657-B962-0532E1E282FC}.Debug|iPhoneSimulator.ActiveCfg = Debug|Any CPU
		{F3D1080E-080B-4657-B962-0532E1E282FC}.Debug|iPhoneSimulator.Build.0 = Debug|Any CPU
		{F3D1080E-080B-4657-B962-0532E1E282FC}.Debug|iPhoneSimulator.Deploy.0 = Debug|Any CPU
		{F3D1080E-080B-4657-B962-0532E1E282FC}.Debug|x64.ActiveCfg = Debug|x64
		{F3D1080E-080B-4657-B962-0532E1E282FC}.Debug|x64.Build.0 = Debug|x64
		{F3D1080E-080B-4657-B962-0532E1E282FC}.Debug|x64.Deploy.0 = Debug|x64
		{F3D1080E-080B-4657-B962-0532E1E282FC}.Debug|x86.ActiveCfg = Debug|x86
		{F3D1080E-080B-4657-B962-0532E1E282FC}.Debug|x86.Build.0 = Debug|x86
		{F3D1080E-080B-4657-B962-0532E1E282FC}.Debug|x86.Deploy.0 = Debug|x86
		{F3D1080E-080B-4657-B962-0532E1E282FC}.Release|Any CPU.ActiveCfg = Release|Any CPU
		{F3D1080E-080B-4657-B962-0532E1E282FC}.Release|Any CPU.Build.0 = Release|Any CPU
		{F3D1080E-080B-4657-B962-0532E1E282FC}.Release|Any CPU.Deploy.0 = Release|Any CPU
		{F3D1080E-080B-4657-B962-0532E1E282FC}.Release|ARM.ActiveCfg = Release|ARM
		{F3D1080E-080B-4657-B962-0532E1E282FC}.Release|ARM.Build.0 = Release|ARM
		{F3D1080E-080B-4657-B962-0532E1E282FC}.Release|ARM.Deploy.0 = Release|ARM
		{F3D1080E-080B-4657-B962-0532E1E282FC}.Release|iPhone.ActiveCfg = Release|Any CPU
		{F3D1080E-080B-4657-B962-0532E1E282FC}.Release|iPhone.Build.0 = Release|Any CPU
		{F3D1080E-080B-4657-B962-0532E1E282FC}.Release|iPhone.Deploy.0 = Release|Any CPU
		{F3D1080E-080B-4657-B962-0532E1E282FC}.Release|iPhoneSimulator.ActiveCfg = Release|Any CPU
		{F3D1080E-080B-4657-B962-0532E1E282FC}.Release|iPhoneSimulator.Build.0 = Release|Any CPU
		{F3D1080E-080B-4657-B962-0532E1E282FC}.Release|iPhoneSimulator.Deploy.0 = Release|Any CPU
		{F3D1080E-080B-4657-B962-0532E1E282FC}.Release|x64.ActiveCfg = Release|x64
		{F3D1080E-080B-4657-B962-0532E1E282FC}.Release|x64.Build.0 = Release|x64
		{F3D1080E-080B-4657-B962-0532E1E282FC}.Release|x64.Deploy.0 = Release|x64
		{F3D1080E-080B-4657-B962-0532E1E282FC}.Release|x86.ActiveCfg = Release|x86
		{F3D1080E-080B-4657-B962-0532E1E282FC}.Release|x86.Build.0 = Release|x86
		{F3D1080E-080B-4657-B962-0532E1E282FC}.Release|x86.Deploy.0 = Release|x86
	EndGlobalSection
	GlobalSection(SolutionProperties) = preSolution
		HideSolutionNode = FALSE
	EndGlobalSection
EndGlobal
